
Microsoft Visual Studio Solution File, Format Version 12.00
# Visual Studio Version 16
VisualStudioVersion = 16.0.32901.82
MinimumVisualStudioVersion = 10.0.40219.1
Project("{9A19103F-16F7-4668-BE54-9A1E7A4F7556}") = "Com.Efrata.Service.Auth.Lib", "Com.Efrata.Service.Auth.Lib\Com.Efrata.Service.Auth.Lib.csproj", "{4C05D9EC-B013-4697-9A9D-D0E2EF865FF1}"
EndProject
Project("{9A19103F-16F7-4668-BE54-9A1E7A4F7556}") = "Com.Efrata.Service.Auth.Test", "Com.Efrata.Service.Auth.Test\Com.Efrata.Service.Auth.Test.csproj", "{FDC1CF21-6437-4767-9201-48AAC2A3988B}"
EndProject
Project("{9A19103F-16F7-4668-BE54-9A1E7A4F7556}") = "Com.Efrata.Service.Auth.WebApi", "Com.Efrata.Service.Auth.WebApi\Com.Efrata.Service.Auth.WebApi.csproj", "{B90F064D-8AD6-4FCD-A7E0-60A49FF2894E}"
EndProject
Global
	GlobalSection(SolutionConfigurationPlatforms) = preSolution
		Debug|Any CPU = Debug|Any CPU
		Release|Any CPU = Release|Any CPU
	EndGlobalSection
	GlobalSection(ProjectConfigurationPlatforms) = postSolution
		{4C05D9EC-B013-4697-9A9D-D0E2EF865FF1}.Debug|Any CPU.ActiveCfg = Debug|Any CPU
		{4C05D9EC-B013-4697-9A9D-D0E2EF865FF1}.Debug|Any CPU.Build.0 = Debug|Any CPU
		{4C05D9EC-B013-4697-9A9D-D0E2EF865FF1}.Release|Any CPU.ActiveCfg = Release|Any CPU
		{4C05D9EC-B013-4697-9A9D-D0E2EF865FF1}.Release|Any CPU.Build.0 = Release|Any CPU
		{FDC1CF21-6437-4767-9201-48AAC2A3988B}.Debug|Any CPU.ActiveCfg = Debug|Any CPU
		{FDC1CF21-6437-4767-9201-48AAC2A3988B}.Debug|Any CPU.Build.0 = Debug|Any CPU
		{FDC1CF21-6437-4767-9201-48AAC2A3988B}.Release|Any CPU.ActiveCfg = Release|Any CPU
		{FDC1CF21-6437-4767-9201-48AAC2A3988B}.Release|Any CPU.Build.0 = Release|Any CPU
		{B90F064D-8AD6-4FCD-A7E0-60A49FF2894E}.Debug|Any CPU.ActiveCfg = Debug|Any CPU
		{B90F064D-8AD6-4FCD-A7E0-60A49FF2894E}.Debug|Any CPU.Build.0 = Debug|Any CPU
		{B90F064D-8AD6-4FCD-A7E0-60A49FF2894E}.Release|Any CPU.ActiveCfg = Release|Any CPU
		{B90F064D-8AD6-4FCD-A7E0-60A49FF2894E}.Release|Any CPU.Build.0 = Release|Any CPU
	EndGlobalSection
	GlobalSection(SolutionProperties) = preSolution
		HideSolutionNode = FALSE
	EndGlobalSection
	GlobalSection(ExtensibilityGlobals) = postSolution
		SolutionGuid = {6C324128-5473-4B1B-9457-E4FA570CC142}
	EndGlobalSection
EndGlobal
